
Microsoft Visual Studio Solution File, Format Version 12.00
# Visual Studio 15
VisualStudioVersion = 15.0.28307.902
MinimumVisualStudioVersion = 10.0.40219.1
Project("{FAE04EC0-301F-11D3-BF4B-00C04F79EFBC}") = "SocialEvents.Model", "SocialEvents.Model\SocialEvents.Model.csproj", "{9388DC18-B02E-4CE2-8211-A958B7DD2DF2}"
EndProject
Project("{FAE04EC0-301F-11D3-BF4B-00C04F79EFBC}") = "SocialEvents.Data", "SocialEvents.Data\SocialEvents.Data.csproj", "{8745ED96-7F5A-4CB1-84E3-A2226D9A2C72}"
EndProject
Project("{FAE04EC0-301F-11D3-BF4B-00C04F79EFBC}") = "SocialEvents.Service", "SocialEvents.Service\SocialEvents.Service.csproj", "{BD210642-AC0E-41F8-B954-70D52A27EDEB}"
EndProject
Project("{FAE04EC0-301F-11D3-BF4B-00C04F79EFBC}") = "SocialEvents.Web", "SocialEvents.Web\SocialEvents.Web.csproj", "{5FD16663-9592-4F57-9452-6908BBF863D8}"
EndProject
Project("{FAE04EC0-301F-11D3-BF4B-00C04F79EFBC}") = "SocialEvents.Resources", "SocialEvents.Resources\SocialEvents.Resources.csproj", "{1FE6C0D8-1DD5-4535-849E-FEEE18A0F2E9}"
EndProject
Project("{FAE04EC0-301F-11D3-BF4B-00C04F79EFBC}") = "SocialEvents.WCFService", "SocialEvents.WCFService\SocialEvents.WCFService.csproj", "{15DE51E8-F0E3-4ABF-AFA6-A6E73CEEE3B3}"
EndProject
Project("{FAE04EC0-301F-11D3-BF4B-00C04F79EFBC}") = "SocialEvents.ViewModel", "SocialEvents.ViewModel\SocialEvents.ViewModel.csproj", "{45B24018-C758-45B4-9E59-D00B4E790BFB}"
EndProject
Project("{FAE04EC0-301F-11D3-BF4B-00C04F79EFBC}") = "SocialEvents.DmzService", "SocialEvents.DmzService\SocialEvents.DmzService.csproj", "{79429109-D908-402F-9BC6-05C78C986B4C}"
	ProjectSection(ProjectDependencies) = postProject
		{15DE51E8-F0E3-4ABF-AFA6-A6E73CEEE3B3} = {15DE51E8-F0E3-4ABF-AFA6-A6E73CEEE3B3}
	EndProjectSection
EndProject
Project("{FAE04EC0-301F-11D3-BF4B-00C04F79EFBC}") = "SocialEvents.MobileApi", "SocialEvents.MobileApi\SocialEvents.MobileApi.csproj", "{9DE31AF7-6051-4C9C-AB5F-950418CE26CC}"
	ProjectSection(ProjectDependencies) = postProject
		{79429109-D908-402F-9BC6-05C78C986B4C} = {79429109-D908-402F-9BC6-05C78C986B4C}
	EndProjectSection
EndProject
Global
	GlobalSection(SolutionConfigurationPlatforms) = preSolution
		Debug|Any CPU = Debug|Any CPU
		Release|Any CPU = Release|Any CPU
	EndGlobalSection
	GlobalSection(ProjectConfigurationPlatforms) = postSolution
		{9388DC18-B02E-4CE2-8211-A958B7DD2DF2}.Debug|Any CPU.ActiveCfg = Debug|Any CPU
		{9388DC18-B02E-4CE2-8211-A958B7DD2DF2}.Debug|Any CPU.Build.0 = Debug|Any CPU
		{9388DC18-B02E-4CE2-8211-A958B7DD2DF2}.Release|Any CPU.ActiveCfg = Release|Any CPU
		{9388DC18-B02E-4CE2-8211-A958B7DD2DF2}.Release|Any CPU.Build.0 = Release|Any CPU
		{8745ED96-7F5A-4CB1-84E3-A2226D9A2C72}.Debug|Any CPU.ActiveCfg = Debug|Any CPU
		{8745ED96-7F5A-4CB1-84E3-A2226D9A2C72}.Debug|Any CPU.Build.0 = Debug|Any CPU
		{8745ED96-7F5A-4CB1-84E3-A2226D9A2C72}.Release|Any CPU.ActiveCfg = Release|Any CPU
		{8745ED96-7F5A-4CB1-84E3-A2226D9A2C72}.Release|Any CPU.Build.0 = Release|Any CPU
		{BD210642-AC0E-41F8-B954-70D52A27EDEB}.Debug|Any CPU.ActiveCfg = Debug|Any CPU
		{BD210642-AC0E-41F8-B954-70D52A27EDEB}.Debug|Any CPU.Build.0 = Debug|Any CPU
		{BD210642-AC0E-41F8-B954-70D52A27EDEB}.Release|Any CPU.ActiveCfg = Release|Any CPU
		{BD210642-AC0E-41F8-B954-70D52A27EDEB}.Release|Any CPU.Build.0 = Release|Any CPU
		{5FD16663-9592-4F57-9452-6908BBF863D8}.Debug|Any CPU.ActiveCfg = Debug|Any CPU
		{5FD16663-9592-4F57-9452-6908BBF863D8}.Debug|Any CPU.Build.0 = Debug|Any CPU
		{5FD16663-9592-4F57-9452-6908BBF863D8}.Release|Any CPU.ActiveCfg = Release|Any CPU
		{5FD16663-9592-4F57-9452-6908BBF863D8}.Release|Any CPU.Build.0 = Release|Any CPU
		{1FE6C0D8-1DD5-4535-849E-FEEE18A0F2E9}.Debug|Any CPU.ActiveCfg = Debug|Any CPU
		{1FE6C0D8-1DD5-4535-849E-FEEE18A0F2E9}.Debug|Any CPU.Build.0 = Debug|Any CPU
		{1FE6C0D8-1DD5-4535-849E-FEEE18A0F2E9}.Release|Any CPU.ActiveCfg = Release|Any CPU
		{1FE6C0D8-1DD5-4535-849E-FEEE18A0F2E9}.Release|Any CPU.Build.0 = Release|Any CPU
		{15DE51E8-F0E3-4ABF-AFA6-A6E73CEEE3B3}.Debug|Any CPU.ActiveCfg = Debug|Any CPU
		{15DE51E8-F0E3-4ABF-AFA6-A6E73CEEE3B3}.Debug|Any CPU.Build.0 = Debug|Any CPU
		{15DE51E8-F0E3-4ABF-AFA6-A6E73CEEE3B3}.Release|Any CPU.ActiveCfg = Release|Any CPU
		{15DE51E8-F0E3-4ABF-AFA6-A6E73CEEE3B3}.Release|Any CPU.Build.0 = Release|Any CPU
		{45B24018-C758-45B4-9E59-D00B4E790BFB}.Debug|Any CPU.ActiveCfg = Debug|Any CPU
		{45B24018-C758-45B4-9E59-D00B4E790BFB}.Debug|Any CPU.Build.0 = Debug|Any CPU
		{45B24018-C758-45B4-9E59-D00B4E790BFB}.Release|Any CPU.ActiveCfg = Release|Any CPU
		{45B24018-C758-45B4-9E59-D00B4E790BFB}.Release|Any CPU.Build.0 = Release|Any CPU
		{79429109-D908-402F-9BC6-05C78C986B4C}.Debug|Any CPU.ActiveCfg = Debug|Any CPU
		{79429109-D908-402F-9BC6-05C78C986B4C}.Debug|Any CPU.Build.0 = Debug|Any CPU
		{79429109-D908-402F-9BC6-05C78C986B4C}.Release|Any CPU.ActiveCfg = Release|Any CPU
		{79429109-D908-402F-9BC6-05C78C986B4C}.Release|Any CPU.Build.0 = Release|Any CPU
		{9DE31AF7-6051-4C9C-AB5F-950418CE26CC}.Debug|Any CPU.ActiveCfg = Debug|Any CPU
		{9DE31AF7-6051-4C9C-AB5F-950418CE26CC}.Debug|Any CPU.Build.0 = Debug|Any CPU
		{9DE31AF7-6051-4C9C-AB5F-950418CE26CC}.Release|Any CPU.ActiveCfg = Release|Any CPU
		{9DE31AF7-6051-4C9C-AB5F-950418CE26CC}.Release|Any CPU.Build.0 = Release|Any CPU
	EndGlobalSection
	GlobalSection(SolutionProperties) = preSolution
		HideSolutionNode = FALSE
	EndGlobalSection
	GlobalSection(ExtensibilityGlobals) = postSolution
		SolutionGuid = {1F645F5E-30CB-4A47-8F23-7E410725DDD0}
	EndGlobalSection
EndGlobal
